{
  "name": "knowledge",
  "version": "1.0.0",
  "lockfileVersion": 1,
  "requires": true,
  "dependencies": {
    "abstract-syntax-tree": {
      "version": "2.20.5",
      "resolved": "https://registry.npmjs.org/abstract-syntax-tree/-/abstract-syntax-tree-2.20.5.tgz",
      "integrity": "sha512-xxmZemmrsmzXHxdEzy9mSM3c22hCjMcLWMUbg1LQeK1FMDLHurxnMmOAN46B0NkFgembXR17D6lDctyFhVjotQ==",
      "requires": {
        "ast-types": "0.14.2",
        "astring": "^1.8.1",
        "esquery": "^1.4.0",
        "estraverse": "^5.3.0",
        "meriyah": "^4.2.0",
        "source-map": "0.7.3"
      }
    },
    "ast-types": {
      "version": "0.14.2",
      "resolved": "https://registry.npmjs.org/ast-types/-/ast-types-0.14.2.tgz",
      "integrity": "sha512-O0yuUDnZeQDL+ncNGlJ78BiO4jnYI3bvMsD5prT0/nsgijG/LpNBIr63gTjVTNsiGkgQhiyCShTgxt8oXOrklA==",
      "requires": {
        "tslib": "^2.0.1"
      }
    },
    "astring": {
      "version": "1.8.1",
      "resolved": "https://registry.npmjs.org/astring/-/astring-1.8.1.tgz",
      "integrity": "sha512-Aj3mbwVzj7Vve4I/v2JYOPFkCGM2YS7OqQTNSxmUR+LECRpokuPgAYghePgr6SALDo5bD5DlfbSaYjOzGJZOLQ=="
    },
    "esquery": {
      "version": "1.4.0",
      "resolved": "https://registry.npmjs.org/esquery/-/esquery-1.4.0.tgz",
      "integrity": "sha512-cCDispWt5vHHtwMY2YrAQ4ibFkAL8RbH5YGBnZBc90MolvvfkkQcJro/aZiAQUlQ3qgrYS6D6v8Gc5G5CQsc9w==",
      "requires": {
        "estraverse": "^5.1.0"
      }
    },
    "estraverse": {
      "version": "5.3.0",
      "resolved": "https://registry.npmjs.org/estraverse/-/estraverse-5.3.0.tgz",
      "integrity": "sha512-MMdARuVEQziNTeJD8DgMqmhwR11BRQ/cBP+pLtYdSTnf3MIO8fFeiINEbX36ZdNlfU/7A9f3gUw49B3oQsvwBA=="
    },
    "meriyah": {
      "version": "4.2.0",
      "resolved": "https://registry.npmjs.org/meriyah/-/meriyah-4.2.0.tgz",
      "integrity": "sha512-fCVh5GB9YT53Bq14l00HLYE3i9DywrY0JVZxbk0clXWDuMsUKKwluvC5sY0bMBqHbnIbpIjfSSIsnrzbauA8Yw=="
    },
    "source-map": {
      "version": "0.7.3",
      "resolved": "https://registry.npmjs.org/source-map/-/source-map-0.7.3.tgz",
      "integrity": "sha512-CkCj6giN3S+n9qrYiBTX5gystlENnRW5jZeNLHpe6aue+SrHcG5VYwujhW9s4dY31mEGsxBDrHR6oI69fTXsaQ=="
    },
    "tslib": {
      "version": "2.3.1",
      "resolved": "https://registry.npmjs.org/tslib/-/tslib-2.3.1.tgz",
      "integrity": "sha512-77EbyPPpMz+FRFRuAFlWMtmgUWGe9UOG2Z25NqCwiIjRhOf5iKGuzSe5P2w1laq+FkRy4p+PCuVkJSGkzTEKVw=="
    }
  }
}
